// !$*UTF8*$!
{
	archiveVersion = 1;
	classes = {
	};
	objectVersion = 46;
	objects = {

/* Begin PBXBuildFile section */
		2B2EE0690BCBB3162698AC7B /* Pods_Bomane.framework in Frameworks */ = {isa = PBXBuildFile; fileRef = 94F404D100361E9220C5910C /* Pods_Bomane.framework */; };
		570E8EA71E3A51A200C7A8E1 /* TimeSlot.swift in Sources */ = {isa = PBXBuildFile; fileRef = 570E8EA61E3A51A200C7A8E1 /* TimeSlot.swift */; };
		5713B8671E327A1600D9EC2C /* User.swift in Sources */ = {isa = PBXBuildFile; fileRef = 5713B8661E327A1600D9EC2C /* User.swift */; };
		5713B8691E327F1F00D9EC2C /* DatabaseController.swift in Sources */ = {isa = PBXBuildFile; fileRef = 5713B8681E327F1F00D9EC2C /* DatabaseController.swift */; };
		5721091A1E229AD600E253AC /* EditProfileViewController.swift in Sources */ = {isa = PBXBuildFile; fileRef = 572109181E229AD600E253AC /* EditProfileViewController.swift */; };
		5721091B1E229AD600E253AC /* EditProfileViewController.xib in Resources */ = {isa = PBXBuildFile; fileRef = 572109191E229AD600E253AC /* EditProfileViewController.xib */; };
		572E68711DEB3EE7001DB239 /* AppDelegate.swift in Sources */ = {isa = PBXBuildFile; fileRef = 572E68701DEB3EE7001DB239 /* AppDelegate.swift */; };
		572E68781DEB3EE7001DB239 /* Assets.xcassets in Resources */ = {isa = PBXBuildFile; fileRef = 572E68771DEB3EE7001DB239 /* Assets.xcassets */; };
		572E687B1DEB3EE7001DB239 /* LaunchScreen.storyboard in Resources */ = {isa = PBXBuildFile; fileRef = 572E68791DEB3EE7001DB239 /* LaunchScreen.storyboard */; };
		572E68841DEB3F2C001DB239 /* SignUpViewController.swift in Sources */ = {isa = PBXBuildFile; fileRef = 572E68821DEB3F2C001DB239 /* SignUpViewController.swift */; };
		572E68851DEB3F2C001DB239 /* SignUpViewController.xib in Resources */ = {isa = PBXBuildFile; fileRef = 572E68831DEB3F2C001DB239 /* SignUpViewController.xib */; };
		574D3D0E1E102BE000D0D2C2 /* AppoitmentTableViewCell.swift in Sources */ = {isa = PBXBuildFile; fileRef = 574D3D0C1E102BE000D0D2C2 /* AppoitmentTableViewCell.swift */; };
		574D3D0F1E102BE000D0D2C2 /* AppoitmentTableViewCell.xib in Resources */ = {isa = PBXBuildFile; fileRef = 574D3D0D1E102BE000D0D2C2 /* AppoitmentTableViewCell.xib */; };
		574D3D111E10332B00D0D2C2 /* StylistSelectionViewController.swift in Sources */ = {isa = PBXBuildFile; fileRef = 574D3D101E10332B00D0D2C2 /* StylistSelectionViewController.swift */; };
		574D3D131E10333A00D0D2C2 /* ServiceSelectionViewController.swift in Sources */ = {isa = PBXBuildFile; fileRef = 574D3D121E10333A00D0D2C2 /* ServiceSelectionViewController.swift */; };
		574D3D151E10336200D0D2C2 /* TimeSelectionViewController.swift in Sources */ = {isa = PBXBuildFile; fileRef = 574D3D141E10336200D0D2C2 /* TimeSelectionViewController.swift */; };
		5751D2591DEB9AC1009A4612 /* ServicesViewController.swift in Sources */ = {isa = PBXBuildFile; fileRef = 5751D2581DEB9AC1009A4612 /* ServicesViewController.swift */; };
		5751D25E1DEB9D29009A4612 /* ServicesTableViewCell.swift in Sources */ = {isa = PBXBuildFile; fileRef = 5751D25C1DEB9D29009A4612 /* ServicesTableViewCell.swift */; };
		5751D25F1DEB9D29009A4612 /* ServicesTableViewCell.xib in Resources */ = {isa = PBXBuildFile; fileRef = 5751D25D1DEB9D29009A4612 /* ServicesTableViewCell.xib */; };
		5751D2611DEB9E7C009A4612 /* Service.swift in Sources */ = {isa = PBXBuildFile; fileRef = 5751D2601DEB9E7C009A4612 /* Service.swift */; };
		5751D2661DEBA243009A4612 /* AboutViewController.swift in Sources */ = {isa = PBXBuildFile; fileRef = 5751D2641DEBA243009A4612 /* AboutViewController.swift */; };
		5751D2671DEBA243009A4612 /* AboutViewController.xib in Resources */ = {isa = PBXBuildFile; fileRef = 5751D2651DEBA243009A4612 /* AboutViewController.xib */; };
		5772315A1DEB4DF900A94A7B /* ScreenMenuViewController.swift in Sources */ = {isa = PBXBuildFile; fileRef = 577231591DEB4DF900A94A7B /* ScreenMenuViewController.swift */; };
		5772315D1DEB523600A94A7B /* MenuTableViewCell.swift in Sources */ = {isa = PBXBuildFile; fileRef = 5772315B1DEB523600A94A7B /* MenuTableViewCell.swift */; };
		5772315E1DEB523600A94A7B /* MenuTableViewCell.xib in Resources */ = {isa = PBXBuildFile; fileRef = 5772315C1DEB523600A94A7B /* MenuTableViewCell.xib */; };
		577231601DEB563500A94A7B /* TableView+Extensions.swift in Sources */ = {isa = PBXBuildFile; fileRef = 5772315F1DEB563500A94A7B /* TableView+Extensions.swift */; };
		5781BA791E2AC9D100E0F7D2 /* AddCreditCardViewController.swift in Sources */ = {isa = PBXBuildFile; fileRef = 5781BA781E2AC9D100E0F7D2 /* AddCreditCardViewController.swift */; };
		578F22191E07174200CBF23C /* ProtfolioViewController.swift in Sources */ = {isa = PBXBuildFile; fileRef = 578F22181E07174200CBF23C /* ProtfolioViewController.swift */; };
		57968FFE1E214CD40080DCF3 /* ProfileViewController.swift in Sources */ = {isa = PBXBuildFile; fileRef = 57968FFC1E214CD40080DCF3 /* ProfileViewController.swift */; };
		57968FFF1E214CD40080DCF3 /* ProfileViewController.xib in Resources */ = {isa = PBXBuildFile; fileRef = 57968FFD1E214CD40080DCF3 /* ProfileViewController.xib */; };
		579690031E215B140080DCF3 /* ContactViewController.swift in Sources */ = {isa = PBXBuildFile; fileRef = 579690011E215B140080DCF3 /* ContactViewController.swift */; };
		579690041E215B140080DCF3 /* ContactViewController.xib in Resources */ = {isa = PBXBuildFile; fileRef = 579690021E215B140080DCF3 /* ContactViewController.xib */; };
		57DB7D861E05E8DD003207D2 /* LoginViewController.swift in Sources */ = {isa = PBXBuildFile; fileRef = 57DB7D851E05E8DD003207D2 /* LoginViewController.swift */; };
		57DB7D891E05EF72003207D2 /* Extensions.swift in Sources */ = {isa = PBXBuildFile; fileRef = 57DB7D881E05EF72003207D2 /* Extensions.swift */; };
		57DE02D71E352A6300155BCD /* NetworkController.swift in Sources */ = {isa = PBXBuildFile; fileRef = 57DE02D61E352A6300155BCD /* NetworkController.swift */; };
		57DE02D91E36724200155BCD /* Stylist.swift in Sources */ = {isa = PBXBuildFile; fileRef = 57DE02D81E36724200155BCD /* Stylist.swift */; };
		57EFC28F1E060D8A006783D3 /* CreateAccountNameViewController.swift in Sources */ = {isa = PBXBuildFile; fileRef = 57EFC28E1E060D8A006783D3 /* CreateAccountNameViewController.swift */; };
		57EFC2911E06133B006783D3 /* CreateAccountPasswordViewController.swift in Sources */ = {isa = PBXBuildFile; fileRef = 57EFC2901E06133B006783D3 /* CreateAccountPasswordViewController.swift */; };
		57EFC2931E0617DB006783D3 /* Animators.swift in Sources */ = {isa = PBXBuildFile; fileRef = 57EFC2921E0617DB006783D3 /* Animators.swift */; };
		57FF1DEA1E0F1126003D1686 /* BookAppointmentViewController.swift in Sources */ = {isa = PBXBuildFile; fileRef = 57FF1DE81E0F1126003D1686 /* BookAppointmentViewController.swift */; };
		57FF1DEB1E0F1126003D1686 /* BookAppointmentViewController.xib in Resources */ = {isa = PBXBuildFile; fileRef = 57FF1DE91E0F1126003D1686 /* BookAppointmentViewController.xib */; };
/* End PBXBuildFile section */

/* Begin PBXFileReference section */
		4C956D884B01D4F42724B35F /* Pods-Bomane.release.xcconfig */ = {isa = PBXFileReference; includeInIndex = 1; lastKnownFileType = text.xcconfig; name = "Pods-Bomane.release.xcconfig"; path = "Pods/Target Support Files/Pods-Bomane/Pods-Bomane.release.xcconfig"; sourceTree = "<group>"; };
		570E8EA61E3A51A200C7A8E1 /* TimeSlot.swift */ = {isa = PBXFileReference; fileEncoding = 4; lastKnownFileType = sourcecode.swift; path = TimeSlot.swift; sourceTree = "<group>"; };
		5713B8661E327A1600D9EC2C /* User.swift */ = {isa = PBXFileReference; fileEncoding = 4; lastKnownFileType = sourcecode.swift; path = User.swift; sourceTree = "<group>"; };
		5713B8681E327F1F00D9EC2C /* DatabaseController.swift */ = {isa = PBXFileReference; fileEncoding = 4; lastKnownFileType = sourcecode.swift; path = DatabaseController.swift; sourceTree = "<group>"; };
		572109181E229AD600E253AC /* EditProfileViewController.swift */ = {isa = PBXFileReference; fileEncoding = 4; lastKnownFileType = sourcecode.swift; path = EditProfileViewController.swift; sourceTree = "<group>"; };
		572109191E229AD600E253AC /* EditProfileViewController.xib */ = {isa = PBXFileReference; fileEncoding = 4; lastKnownFileType = file.xib; path = EditProfileViewController.xib; sourceTree = "<group>"; };
		572E686D1DEB3EE7001DB239 /* Bomane.app */ = {isa = PBXFileReference; explicitFileType = wrapper.application; includeInIndex = 0; path = Bomane.app; sourceTree = BUILT_PRODUCTS_DIR; };
		572E68701DEB3EE7001DB239 /* AppDelegate.swift */ = {isa = PBXFileReference; lastKnownFileType = sourcecode.swift; path = AppDelegate.swift; sourceTree = "<group>"; };
		572E68771DEB3EE7001DB239 /* Assets.xcassets */ = {isa = PBXFileReference; lastKnownFileType = folder.assetcatalog; path = Assets.xcassets; sourceTree = "<group>"; };
		572E687A1DEB3EE7001DB239 /* Base */ = {isa = PBXFileReference; lastKnownFileType = file.storyboard; name = Base; path = Base.lproj/LaunchScreen.storyboard; sourceTree = "<group>"; };
		572E687C1DEB3EE7001DB239 /* Info.plist */ = {isa = PBXFileReference; lastKnownFileType = text.plist.xml; path = Info.plist; sourceTree = "<group>"; };
		572E68821DEB3F2C001DB239 /* SignUpViewController.swift */ = {isa = PBXFileReference; fileEncoding = 4; lastKnownFileType = sourcecode.swift; path = SignUpViewController.swift; sourceTree = "<group>"; };
		572E68831DEB3F2C001DB239 /* SignUpViewController.xib */ = {isa = PBXFileReference; fileEncoding = 4; lastKnownFileType = file.xib; path = SignUpViewController.xib; sourceTree = "<group>"; };
		574D3D0C1E102BE000D0D2C2 /* AppoitmentTableViewCell.swift */ = {isa = PBXFileReference; fileEncoding = 4; lastKnownFileType = sourcecode.swift; path = AppoitmentTableViewCell.swift; sourceTree = "<group>"; };
		574D3D0D1E102BE000D0D2C2 /* AppoitmentTableViewCell.xib */ = {isa = PBXFileReference; fileEncoding = 4; lastKnownFileType = file.xib; path = AppoitmentTableViewCell.xib; sourceTree = "<group>"; };
		574D3D101E10332B00D0D2C2 /* StylistSelectionViewController.swift */ = {isa = PBXFileReference; fileEncoding = 4; lastKnownFileType = sourcecode.swift; path = StylistSelectionViewController.swift; sourceTree = "<group>"; };
		574D3D121E10333A00D0D2C2 /* ServiceSelectionViewController.swift */ = {isa = PBXFileReference; fileEncoding = 4; lastKnownFileType = sourcecode.swift; path = ServiceSelectionViewController.swift; sourceTree = "<group>"; };
		574D3D141E10336200D0D2C2 /* TimeSelectionViewController.swift */ = {isa = PBXFileReference; fileEncoding = 4; lastKnownFileType = sourcecode.swift; path = TimeSelectionViewController.swift; sourceTree = "<group>"; };
		5751D2581DEB9AC1009A4612 /* ServicesViewController.swift */ = {isa = PBXFileReference; fileEncoding = 4; lastKnownFileType = sourcecode.swift; path = ServicesViewController.swift; sourceTree = "<group>"; };
		5751D25C1DEB9D29009A4612 /* ServicesTableViewCell.swift */ = {isa = PBXFileReference; fileEncoding = 4; lastKnownFileType = sourcecode.swift; path = ServicesTableViewCell.swift; sourceTree = "<group>"; };
		5751D25D1DEB9D29009A4612 /* ServicesTableViewCell.xib */ = {isa = PBXFileReference; fileEncoding = 4; lastKnownFileType = file.xib; path = ServicesTableViewCell.xib; sourceTree = "<group>"; };
		5751D2601DEB9E7C009A4612 /* Service.swift */ = {isa = PBXFileReference; fileEncoding = 4; lastKnownFileType = sourcecode.swift; path = Service.swift; sourceTree = "<group>"; };
		5751D2641DEBA243009A4612 /* AboutViewController.swift */ = {isa = PBXFileReference; fileEncoding = 4; lastKnownFileType = sourcecode.swift; path = AboutViewController.swift; sourceTree = "<group>"; };
		5751D2651DEBA243009A4612 /* AboutViewController.xib */ = {isa = PBXFileReference; fileEncoding = 4; lastKnownFileType = file.xib; path = AboutViewController.xib; sourceTree = "<group>"; };
		577231591DEB4DF900A94A7B /* ScreenMenuViewController.swift */ = {isa = PBXFileReference; fileEncoding = 4; lastKnownFileType = sourcecode.swift; path = ScreenMenuViewController.swift; sourceTree = "<group>"; };
		5772315B1DEB523600A94A7B /* MenuTableViewCell.swift */ = {isa = PBXFileReference; fileEncoding = 4; lastKnownFileType = sourcecode.swift; path = MenuTableViewCell.swift; sourceTree = "<group>"; };
		5772315C1DEB523600A94A7B /* MenuTableViewCell.xib */ = {isa = PBXFileReference; fileEncoding = 4; lastKnownFileType = file.xib; path = MenuTableViewCell.xib; sourceTree = "<group>"; };
		5772315F1DEB563500A94A7B /* TableView+Extensions.swift */ = {isa = PBXFileReference; fileEncoding = 4; lastKnownFileType = sourcecode.swift; path = "TableView+Extensions.swift"; sourceTree = "<group>"; };
		5781BA781E2AC9D100E0F7D2 /* AddCreditCardViewController.swift */ = {isa = PBXFileReference; fileEncoding = 4; lastKnownFileType = sourcecode.swift; path = AddCreditCardViewController.swift; sourceTree = "<group>"; };
		578F22181E07174200CBF23C /* ProtfolioViewController.swift */ = {isa = PBXFileReference; fileEncoding = 4; lastKnownFileType = sourcecode.swift; path = ProtfolioViewController.swift; sourceTree = "<group>"; };
		57968FFC1E214CD40080DCF3 /* ProfileViewController.swift */ = {isa = PBXFileReference; fileEncoding = 4; lastKnownFileType = sourcecode.swift; path = ProfileViewController.swift; sourceTree = "<group>"; };
		57968FFD1E214CD40080DCF3 /* ProfileViewController.xib */ = {isa = PBXFileReference; fileEncoding = 4; lastKnownFileType = file.xib; path = ProfileViewController.xib; sourceTree = "<group>"; };
		579690011E215B140080DCF3 /* ContactViewController.swift */ = {isa = PBXFileReference; fileEncoding = 4; lastKnownFileType = sourcecode.swift; path = ContactViewController.swift; sourceTree = "<group>"; };
		579690021E215B140080DCF3 /* ContactViewController.xib */ = {isa = PBXFileReference; fileEncoding = 4; lastKnownFileType = file.xib; path = ContactViewController.xib; sourceTree = "<group>"; };
		57B183B71E2ACB00003A066A /* Bomane-Bridging-Header.h */ = {isa = PBXFileReference; fileEncoding = 4; lastKnownFileType = sourcecode.c.h; path = "Bomane-Bridging-Header.h"; sourceTree = "<group>"; };
		57DB7D851E05E8DD003207D2 /* LoginViewController.swift */ = {isa = PBXFileReference; fileEncoding = 4; lastKnownFileType = sourcecode.swift; path = LoginViewController.swift; sourceTree = "<group>"; };
		57DB7D881E05EF72003207D2 /* Extensions.swift */ = {isa = PBXFileReference; fileEncoding = 4; lastKnownFileType = sourcecode.swift; path = Extensions.swift; sourceTree = "<group>"; };
		57DE02D61E352A6300155BCD /* NetworkController.swift */ = {isa = PBXFileReference; fileEncoding = 4; lastKnownFileType = sourcecode.swift; path = NetworkController.swift; sourceTree = "<group>"; };
		57DE02D81E36724200155BCD /* Stylist.swift */ = {isa = PBXFileReference; fileEncoding = 4; lastKnownFileType = sourcecode.swift; path = Stylist.swift; sourceTree = "<group>"; };
		57EFC28E1E060D8A006783D3 /* CreateAccountNameViewController.swift */ = {isa = PBXFileReference; fileEncoding = 4; lastKnownFileType = sourcecode.swift; path = CreateAccountNameViewController.swift; sourceTree = "<group>"; };
		57EFC2901E06133B006783D3 /* CreateAccountPasswordViewController.swift */ = {isa = PBXFileReference; fileEncoding = 4; lastKnownFileType = sourcecode.swift; path = CreateAccountPasswordViewController.swift; sourceTree = "<group>"; };
		57EFC2921E0617DB006783D3 /* Animators.swift */ = {isa = PBXFileReference; fileEncoding = 4; lastKnownFileType = sourcecode.swift; path = Animators.swift; sourceTree = "<group>"; };
		57FF1DE81E0F1126003D1686 /* BookAppointmentViewController.swift */ = {isa = PBXFileReference; fileEncoding = 4; lastKnownFileType = sourcecode.swift; path = BookAppointmentViewController.swift; sourceTree = "<group>"; };
		57FF1DE91E0F1126003D1686 /* BookAppointmentViewController.xib */ = {isa = PBXFileReference; fileEncoding = 4; lastKnownFileType = file.xib; path = BookAppointmentViewController.xib; sourceTree = "<group>"; };
		94F404D100361E9220C5910C /* Pods_Bomane.framework */ = {isa = PBXFileReference; explicitFileType = wrapper.framework; includeInIndex = 0; path = Pods_Bomane.framework; sourceTree = BUILT_PRODUCTS_DIR; };
		AF43739748D54866A86D1B61 /* Pods-Bomane.debug.xcconfig */ = {isa = PBXFileReference; includeInIndex = 1; lastKnownFileType = text.xcconfig; name = "Pods-Bomane.debug.xcconfig"; path = "Pods/Target Support Files/Pods-Bomane/Pods-Bomane.debug.xcconfig"; sourceTree = "<group>"; };
/* End PBXFileReference section */

/* Begin PBXFrameworksBuildPhase section */
		572E686A1DEB3EE7001DB239 /* Frameworks */ = {
			isa = PBXFrameworksBuildPhase;
			buildActionMask = 2147483647;
			files = (
				2B2EE0690BCBB3162698AC7B /* Pods_Bomane.framework in Frameworks */,
			);
			runOnlyForDeploymentPostprocessing = 0;
		};
/* End PBXFrameworksBuildPhase section */

/* Begin PBXGroup section */
		36F5C6894B04EDDD3D9F37AD /* Pods */ = {
			isa = PBXGroup;
			children = (
				AF43739748D54866A86D1B61 /* Pods-Bomane.debug.xcconfig */,
				4C956D884B01D4F42724B35F /* Pods-Bomane.release.xcconfig */,
			);
			name = Pods;
			sourceTree = "<group>";
		};
		5713B8641E3279E400D9EC2C /* Contact VCs */ = {
			isa = PBXGroup;
			children = (
				579690011E215B140080DCF3 /* ContactViewController.swift */,
				579690021E215B140080DCF3 /* ContactViewController.xib */,
			);
			name = "Contact VCs";
			sourceTree = "<group>";
		};
		5713B8651E327A0900D9EC2C /* Models */ = {
			isa = PBXGroup;
			children = (
				5713B8661E327A1600D9EC2C /* User.swift */,
				57DE02D81E36724200155BCD /* Stylist.swift */,
				5751D2601DEB9E7C009A4612 /* Service.swift */,
				570E8EA61E3A51A200C7A8E1 /* TimeSlot.swift */,
			);
			name = Models;
			sourceTree = "<group>";
		};
		572E68641DEB3EE7001DB239 = {
			isa = PBXGroup;
			children = (
				572E686F1DEB3EE7001DB239 /* Bomane */,
				572E686E1DEB3EE7001DB239 /* Products */,
				36F5C6894B04EDDD3D9F37AD /* Pods */,
				DC5598A2EF91DCC5C35CB54B /* Frameworks */,
			);
			sourceTree = "<group>";
		};
		572E686E1DEB3EE7001DB239 /* Products */ = {
			isa = PBXGroup;
			children = (
				572E686D1DEB3EE7001DB239 /* Bomane.app */,
			);
			name = Products;
			sourceTree = "<group>";
		};
		572E686F1DEB3EE7001DB239 /* Bomane */ = {
			isa = PBXGroup;
			children = (
				572E68701DEB3EE7001DB239 /* AppDelegate.swift */,
				5713B8681E327F1F00D9EC2C /* DatabaseController.swift */,
				57DE02D61E352A6300155BCD /* NetworkController.swift */,
				5713B8651E327A0900D9EC2C /* Models */,
				5713B8641E3279E400D9EC2C /* Contact VCs */,
				579690001E215AF90080DCF3 /* Profile VCs */,
				57FF1DE71E0F10C9003D1686 /* Book Appointment VCs */,
				57EFC28D1E060D66006783D3 /* Create Account VCs */,
				57DB7D871E05EF65003207D2 /* Helpers/Extensions */,
				57DB7D841E05E8C5003207D2 /* Login VC */,
				5751D25B1DEB9D10009A4612 /* Sign up VC */,
				5751D2621DEB9EA2009A4612 /* Services VC */,
				5751D2631DEBA227009A4612 /* About VC */,
				5751D25A1DEB9D07009A4612 /* Menu VC */,
				578F22171E07172D00CBF23C /* Portfolio VC */,
				572E68771DEB3EE7001DB239 /* Assets.xcassets */,
				572E68791DEB3EE7001DB239 /* LaunchScreen.storyboard */,
				572E687C1DEB3EE7001DB239 /* Info.plist */,
				57B183B71E2ACB00003A066A /* Bomane-Bridging-Header.h */,
			);
			path = Bomane;
			sourceTree = "<group>";
		};
		5751D25A1DEB9D07009A4612 /* Menu VC */ = {
			isa = PBXGroup;
			children = (
				577231591DEB4DF900A94A7B /* ScreenMenuViewController.swift */,
				5772315B1DEB523600A94A7B /* MenuTableViewCell.swift */,
				5772315C1DEB523600A94A7B /* MenuTableViewCell.xib */,
			);
			name = "Menu VC";
			sourceTree = "<group>";
		};
		5751D25B1DEB9D10009A4612 /* Sign up VC */ = {
			isa = PBXGroup;
			children = (
				572E68821DEB3F2C001DB239 /* SignUpViewController.swift */,
				572E68831DEB3F2C001DB239 /* SignUpViewController.xib */,
			);
			name = "Sign up VC";
			sourceTree = "<group>";
		};
		5751D2621DEB9EA2009A4612 /* Services VC */ = {
			isa = PBXGroup;
			children = (
				5751D2581DEB9AC1009A4612 /* ServicesViewController.swift */,
				5751D25C1DEB9D29009A4612 /* ServicesTableViewCell.swift */,
				5751D25D1DEB9D29009A4612 /* ServicesTableViewCell.xib */,
			);
			name = "Services VC";
			sourceTree = "<group>";
		};
		5751D2631DEBA227009A4612 /* About VC */ = {
			isa = PBXGroup;
			children = (
				5751D2641DEBA243009A4612 /* AboutViewController.swift */,
				5751D2651DEBA243009A4612 /* AboutViewController.xib */,
			);
			name = "About VC";
			sourceTree = "<group>";
		};
		578F22171E07172D00CBF23C /* Portfolio VC */ = {
			isa = PBXGroup;
			children = (
				578F22181E07174200CBF23C /* ProtfolioViewController.swift */,
			);
			name = "Portfolio VC";
			sourceTree = "<group>";
		};
		579690001E215AF90080DCF3 /* Profile VCs */ = {
			isa = PBXGroup;
			children = (
				57968FFC1E214CD40080DCF3 /* ProfileViewController.swift */,
				57968FFD1E214CD40080DCF3 /* ProfileViewController.xib */,
				572109181E229AD600E253AC /* EditProfileViewController.swift */,
				572109191E229AD600E253AC /* EditProfileViewController.xib */,
				5781BA781E2AC9D100E0F7D2 /* AddCreditCardViewController.swift */,
			);
			name = "Profile VCs";
			sourceTree = "<group>";
		};
		57DB7D841E05E8C5003207D2 /* Login VC */ = {
			isa = PBXGroup;
			children = (
				57DB7D851E05E8DD003207D2 /* LoginViewController.swift */,
			);
			name = "Login VC";
			sourceTree = "<group>";
		};
		57DB7D871E05EF65003207D2 /* Helpers/Extensions */ = {
			isa = PBXGroup;
			children = (
				5772315F1DEB563500A94A7B /* TableView+Extensions.swift */,
				57DB7D881E05EF72003207D2 /* Extensions.swift */,
				57EFC2921E0617DB006783D3 /* Animators.swift */,
			);
			name = Helpers/Extensions;
			sourceTree = "<group>";
		};
		57EFC28D1E060D66006783D3 /* Create Account VCs */ = {
			isa = PBXGroup;
			children = (
				57EFC28E1E060D8A006783D3 /* CreateAccountNameViewController.swift */,
				57EFC2901E06133B006783D3 /* CreateAccountPasswordViewController.swift */,
			);
			name = "Create Account VCs";
			sourceTree = "<group>";
		};
		57FF1DE71E0F10C9003D1686 /* Book Appointment VCs */ = {
			isa = PBXGroup;
			children = (
				57FF1DE81E0F1126003D1686 /* BookAppointmentViewController.swift */,
				57FF1DE91E0F1126003D1686 /* BookAppointmentViewController.xib */,
				574D3D0C1E102BE000D0D2C2 /* AppoitmentTableViewCell.swift */,
				574D3D0D1E102BE000D0D2C2 /* AppoitmentTableViewCell.xib */,
				574D3D101E10332B00D0D2C2 /* StylistSelectionViewController.swift */,
				574D3D121E10333A00D0D2C2 /* ServiceSelectionViewController.swift */,
				574D3D141E10336200D0D2C2 /* TimeSelectionViewController.swift */,
			);
			name = "Book Appointment VCs";
			sourceTree = "<group>";
		};
		DC5598A2EF91DCC5C35CB54B /* Frameworks */ = {
			isa = PBXGroup;
			children = (
				94F404D100361E9220C5910C /* Pods_Bomane.framework */,
			);
			name = Frameworks;
			sourceTree = "<group>";
		};
/* End PBXGroup section */

/* Begin PBXNativeTarget section */
		572E686C1DEB3EE7001DB239 /* Bomane */ = {
			isa = PBXNativeTarget;
			buildConfigurationList = 572E687F1DEB3EE7001DB239 /* Build configuration list for PBXNativeTarget "Bomane" */;
			buildPhases = (
				F1FDA6B96E9E950F7412C3EF /* [CP] Check Pods Manifest.lock */,
				572E68691DEB3EE7001DB239 /* Sources */,
				572E686A1DEB3EE7001DB239 /* Frameworks */,
				572E686B1DEB3EE7001DB239 /* Resources */,
				D27B7792404F6CD6508F1071 /* [CP] Embed Pods Frameworks */,
				BC1FB4B94123C08E0ED01B00 /* [CP] Copy Pods Resources */,
			);
			buildRules = (
			);
			dependencies = (
			);
			name = Bomane;
			productName = Bomane;
			productReference = 572E686D1DEB3EE7001DB239 /* Bomane.app */;
			productType = "com.apple.product-type.application";
		};
/* End PBXNativeTarget section */

/* Begin PBXProject section */
		572E68651DEB3EE7001DB239 /* Project object */ = {
			isa = PBXProject;
			attributes = {
				LastSwiftUpdateCheck = 0810;
				LastUpgradeCheck = 0820;
				ORGANIZATIONNAME = com.bomane;
				TargetAttributes = {
					572E686C1DEB3EE7001DB239 = {
						CreatedOnToolsVersion = 8.1;
						DevelopmentTeam = 4FPZSW958T;
						ProvisioningStyle = Automatic;
					};
				};
			};
			buildConfigurationList = 572E68681DEB3EE7001DB239 /* Build configuration list for PBXProject "Bomane" */;
			compatibilityVersion = "Xcode 3.2";
			developmentRegion = English;
			hasScannedForEncodings = 0;
			knownRegions = (
				en,
				Base,
			);
			mainGroup = 572E68641DEB3EE7001DB239;
			productRefGroup = 572E686E1DEB3EE7001DB239 /* Products */;
			projectDirPath = "";
			projectRoot = "";
			targets = (
				572E686C1DEB3EE7001DB239 /* Bomane */,
			);
		};
/* End PBXProject section */

/* Begin PBXResourcesBuildPhase section */
		572E686B1DEB3EE7001DB239 /* Resources */ = {
			isa = PBXResourcesBuildPhase;
			buildActionMask = 2147483647;
			files = (
				57968FFF1E214CD40080DCF3 /* ProfileViewController.xib in Resources */,
				579690041E215B140080DCF3 /* ContactViewController.xib in Resources */,
				574D3D0F1E102BE000D0D2C2 /* AppoitmentTableViewCell.xib in Resources */,
				572E687B1DEB3EE7001DB239 /* LaunchScreen.storyboard in Resources */,
				572E68851DEB3F2C001DB239 /* SignUpViewController.xib in Resources */,
				5721091B1E229AD600E253AC /* EditProfileViewController.xib in Resources */,
				5751D25F1DEB9D29009A4612 /* ServicesTableViewCell.xib in Resources */,
				5772315E1DEB523600A94A7B /* MenuTableViewCell.xib in Resources */,
				5751D2671DEBA243009A4612 /* AboutViewController.xib in Resources */,
				572E68781DEB3EE7001DB239 /* Assets.xcassets in Resources */,
				57FF1DEB1E0F1126003D1686 /* BookAppointmentViewController.xib in Resources */,
			);
			runOnlyForDeploymentPostprocessing = 0;
		};
/* End PBXResourcesBuildPhase section */

/* Begin PBXShellScriptBuildPhase section */
		BC1FB4B94123C08E0ED01B00 /* [CP] Copy Pods Resources */ = {
			isa = PBXShellScriptBuildPhase;
			buildActionMask = 2147483647;
			files = (
			);
			inputPaths = (
			);
			name = "[CP] Copy Pods Resources";
			outputPaths = (
			);
			runOnlyForDeploymentPostprocessing = 0;
			shellPath = /bin/sh;
			shellScript = "\"${SRCROOT}/Pods/Target Support Files/Pods-Bomane/Pods-Bomane-resources.sh\"\n";
			showEnvVarsInLog = 0;
		};
		D27B7792404F6CD6508F1071 /* [CP] Embed Pods Frameworks */ = {
			isa = PBXShellScriptBuildPhase;
			buildActionMask = 2147483647;
			files = (
			);
			inputPaths = (
			);
			name = "[CP] Embed Pods Frameworks";
			outputPaths = (
			);
			runOnlyForDeploymentPostprocessing = 0;
			shellPath = /bin/sh;
			shellScript = "\"${SRCROOT}/Pods/Target Support Files/Pods-Bomane/Pods-Bomane-frameworks.sh\"\n";
			showEnvVarsInLog = 0;
		};
		F1FDA6B96E9E950F7412C3EF /* [CP] Check Pods Manifest.lock */ = {
			isa = PBXShellScriptBuildPhase;
			buildActionMask = 2147483647;
			files = (
			);
			inputPaths = (
			);
			name = "[CP] Check Pods Manifest.lock";
			outputPaths = (
			);
			runOnlyForDeploymentPostprocessing = 0;
			shellPath = /bin/sh;
			shellScript = "diff \"${PODS_ROOT}/../Podfile.lock\" \"${PODS_ROOT}/Manifest.lock\" > /dev/null\nif [ $? != 0 ] ; then\n    # print error to STDERR\n    echo \"error: The sandbox is not in sync with the Podfile.lock. Run 'pod install' or update your CocoaPods installation.\" >&2\n    exit 1\nfi\n";
			showEnvVarsInLog = 0;
		};
/* End PBXShellScriptBuildPhase section */

/* Begin PBXSourcesBuildPhase section */
		572E68691DEB3EE7001DB239 /* Sources */ = {
			isa = PBXSourcesBuildPhase;
			buildActionMask = 2147483647;
			files = (
				572E68841DEB3F2C001DB239 /* SignUpViewController.swift in Sources */,
				5751D2611DEB9E7C009A4612 /* Service.swift in Sources */,
				5751D25E1DEB9D29009A4612 /* ServicesTableViewCell.swift in Sources */,
				5713B8671E327A1600D9EC2C /* User.swift in Sources */,
				5751D2661DEBA243009A4612 /* AboutViewController.swift in Sources */,
				57EFC2931E0617DB006783D3 /* Animators.swift in Sources */,
				5751D2591DEB9AC1009A4612 /* ServicesViewController.swift in Sources */,
				57EFC28F1E060D8A006783D3 /* CreateAccountNameViewController.swift in Sources */,
				57DE02D91E36724200155BCD /* Stylist.swift in Sources */,
				578F22191E07174200CBF23C /* ProtfolioViewController.swift in Sources */,
				574D3D0E1E102BE000D0D2C2 /* AppoitmentTableViewCell.swift in Sources */,
				574D3D131E10333A00D0D2C2 /* ServiceSelectionViewController.swift in Sources */,
				570E8EA71E3A51A200C7A8E1 /* TimeSlot.swift in Sources */,
				5721091A1E229AD600E253AC /* EditProfileViewController.swift in Sources */,
				5713B8691E327F1F00D9EC2C /* DatabaseController.swift in Sources */,
				57EFC2911E06133B006783D3 /* CreateAccountPasswordViewController.swift in Sources */,
				574D3D111E10332B00D0D2C2 /* StylistSelectionViewController.swift in Sources */,
				577231601DEB563500A94A7B /* TableView+Extensions.swift in Sources */,
				574D3D151E10336200D0D2C2 /* TimeSelectionViewController.swift in Sources */,
				5772315A1DEB4DF900A94A7B /* ScreenMenuViewController.swift in Sources */,
				572E68711DEB3EE7001DB239 /* AppDelegate.swift in Sources */,
				57DB7D861E05E8DD003207D2 /* LoginViewController.swift in Sources */,
				579690031E215B140080DCF3 /* ContactViewController.swift in Sources */,
				5781BA791E2AC9D100E0F7D2 /* AddCreditCardViewController.swift in Sources */,
				57DB7D891E05EF72003207D2 /* Extensions.swift in Sources */,
				57968FFE1E214CD40080DCF3 /* ProfileViewController.swift in Sources */,
				5772315D1DEB523600A94A7B /* MenuTableViewCell.swift in Sources */,
				57FF1DEA1E0F1126003D1686 /* BookAppointmentViewController.swift in Sources */,
				57DE02D71E352A6300155BCD /* NetworkController.swift in Sources */,
			);
			runOnlyForDeploymentPostprocessing = 0;
		};
/* End PBXSourcesBuildPhase section */

/* Begin PBXVariantGroup section */
		572E68791DEB3EE7001DB239 /* LaunchScreen.storyboard */ = {
			isa = PBXVariantGroup;
			children = (
				572E687A1DEB3EE7001DB239 /* Base */,
			);
			name = LaunchScreen.storyboard;
			sourceTree = "<group>";
		};
/* End PBXVariantGroup section */

/* Begin XCBuildConfiguration section */
		572E687D1DEB3EE7001DB239 /* Debug */ = {
			isa = XCBuildConfiguration;
			buildSettings = {
				ALWAYS_SEARCH_USER_PATHS = NO;
				CLANG_ANALYZER_NONNULL = YES;
				CLANG_CXX_LANGUAGE_STANDARD = "gnu++0x";
				CLANG_CXX_LIBRARY = "libc++";
				CLANG_ENABLE_MODULES = YES;
				CLANG_ENABLE_OBJC_ARC = YES;
				CLANG_WARN_BOOL_CONVERSION = YES;
				CLANG_WARN_CONSTANT_CONVERSION = YES;
				CLANG_WARN_DIRECT_OBJC_ISA_USAGE = YES_ERROR;
				CLANG_WARN_DOCUMENTATION_COMMENTS = YES;
				CLANG_WARN_EMPTY_BODY = YES;
				CLANG_WARN_ENUM_CONVERSION = YES;
				CLANG_WARN_INFINITE_RECURSION = YES;
				CLANG_WARN_INT_CONVERSION = YES;
				CLANG_WARN_OBJC_ROOT_CLASS = YES_ERROR;
				CLANG_WARN_SUSPICIOUS_MOVE = YES;
				CLANG_WARN_SUSPICIOUS_MOVES = YES;
				CLANG_WARN_UNREACHABLE_CODE = YES;
				CLANG_WARN__DUPLICATE_METHOD_MATCH = YES;
				"CODE_SIGN_IDENTITY[sdk=iphoneos*]" = "iPhone Developer";
				COPY_PHASE_STRIP = NO;
				DEBUG_INFORMATION_FORMAT = dwarf;
				ENABLE_STRICT_OBJC_MSGSEND = YES;
				ENABLE_TESTABILITY = YES;
				GCC_C_LANGUAGE_STANDARD = gnu99;
				GCC_DYNAMIC_NO_PIC = NO;
				GCC_NO_COMMON_BLOCKS = YES;
				GCC_OPTIMIZATION_LEVEL = 0;
				GCC_PREPROCESSOR_DEFINITIONS = (
					"DEBUG=1",
					"$(inherited)",
				);
				GCC_WARN_64_TO_32_BIT_CONVERSION = YES;
				GCC_WARN_ABOUT_RETURN_TYPE = YES_ERROR;
				GCC_WARN_UNDECLARED_SELECTOR = YES;
				GCC_WARN_UNINITIALIZED_AUTOS = YES_AGGRESSIVE;
				GCC_WARN_UNUSED_FUNCTION = YES;
				GCC_WARN_UNUSED_VARIABLE = YES;
				IPHONEOS_DEPLOYMENT_TARGET = 10.1;
				MTL_ENABLE_DEBUG_INFO = YES;
				ONLY_ACTIVE_ARCH = YES;
				SDKROOT = iphoneos;
				SWIFT_ACTIVE_COMPILATION_CONDITIONS = DEBUG;
				SWIFT_OPTIMIZATION_LEVEL = "-Onone";
			};
			name = Debug;
		};
		572E687E1DEB3EE7001DB239 /* Release */ = {
			isa = XCBuildConfiguration;
			buildSettings = {
				ALWAYS_SEARCH_USER_PATHS = NO;
				CLANG_ANALYZER_NONNULL = YES;
				CLANG_CXX_LANGUAGE_STANDARD = "gnu++0x";
				CLANG_CXX_LIBRARY = "libc++";
				CLANG_ENABLE_MODULES = YES;
				CLANG_ENABLE_OBJC_ARC = YES;
				CLANG_WARN_BOOL_CONVERSION = YES;
				CLANG_WARN_CONSTANT_CONVERSION = YES;
				CLANG_WARN_DIRECT_OBJC_ISA_USAGE = YES_ERROR;
				CLANG_WARN_DOCUMENTATION_COMMENTS = YES;
				CLANG_WARN_EMPTY_BODY = YES;
				CLANG_WARN_ENUM_CONVERSION = YES;
				CLANG_WARN_INFINITE_RECURSION = YES;
				CLANG_WARN_INT_CONVERSION = YES;
				CLANG_WARN_OBJC_ROOT_CLASS = YES_ERROR;
				CLANG_WARN_SUSPICIOUS_MOVE = YES;
				CLANG_WARN_SUSPICIOUS_MOVES = YES;
				CLANG_WARN_UNREACHABLE_CODE = YES;
				CLANG_WARN__DUPLICATE_METHOD_MATCH = YES;
				"CODE_SIGN_IDENTITY[sdk=iphoneos*]" = "iPhone Developer";
				COPY_PHASE_STRIP = NO;
				DEBUG_INFORMATION_FORMAT = "dwarf-with-dsym";
				ENABLE_NS_ASSERTIONS = NO;
				ENABLE_STRICT_OBJC_MSGSEND = YES;
				GCC_C_LANGUAGE_STANDARD = gnu99;
				GCC_NO_COMMON_BLOCKS = YES;
				GCC_WARN_64_TO_32_BIT_CONVERSION = YES;
				GCC_WARN_ABOUT_RETURN_TYPE = YES_ERROR;
				GCC_WARN_UNDECLARED_SELECTOR = YES;
				GCC_WARN_UNINITIALIZED_AUTOS = YES_AGGRESSIVE;
				GCC_WARN_UNUSED_FUNCTION = YES;
				GCC_WARN_UNUSED_VARIABLE = YES;
				IPHONEOS_DEPLOYMENT_TARGET = 10.1;
				MTL_ENABLE_DEBUG_INFO = NO;
				SDKROOT = iphoneos;
				SWIFT_OPTIMIZATION_LEVEL = "-Owholemodule";
				VALIDATE_PRODUCT = YES;
			};
			name = Release;
		};
		572E68801DEB3EE7001DB239 /* Debug */ = {
			isa = XCBuildConfiguration;
			baseConfigurationReference = AF43739748D54866A86D1B61 /* Pods-Bomane.debug.xcconfig */;
			buildSettings = {
				ALWAYS_EMBED_SWIFT_STANDARD_LIBRARIES = YES;
				ASSETCATALOG_COMPILER_APPICON_NAME = AppIcon;
				DEVELOPMENT_TEAM = 4FPZSW958T;
				INFOPLIST_FILE = Bomane/Info.plist;
				LD_RUNPATH_SEARCH_PATHS = "$(inherited) @executable_path/Frameworks";
				PRODUCT_BUNDLE_IDENTIFIER = com.bomane.BomaneApp;
				PRODUCT_NAME = "$(TARGET_NAME)";
				SWIFT_VERSION = 3.0;
			};
			name = Debug;
		};
		572E68811DEB3EE7001DB239 /* Release */ = {
			isa = XCBuildConfiguration;
			baseConfigurationReference = 4C956D884B01D4F42724B35F /* Pods-Bomane.release.xcconfig */;
			buildSettings = {
				ALWAYS_EMBED_SWIFT_STANDARD_LIBRARIES = YES;
				ASSETCATALOG_COMPILER_APPICON_NAME = AppIcon;
				DEVELOPMENT_TEAM = 4FPZSW958T;
				INFOPLIST_FILE = Bomane/Info.plist;
				LD_RUNPATH_SEARCH_PATHS = "$(inherited) @executable_path/Frameworks";
				PRODUCT_BUNDLE_IDENTIFIER = com.bomane.BomaneApp;
				PRODUCT_NAME = "$(TARGET_NAME)";
				SWIFT_VERSION = 3.0;
			};
			name = Release;
		};
/* End XCBuildConfiguration section */

/* Begin XCConfigurationList section */
		572E68681DEB3EE7001DB239 /* Build configuration list for PBXProject "Bomane" */ = {
			isa = XCConfigurationList;
			buildConfigurations = (
				572E687D1DEB3EE7001DB239 /* Debug */,
				572E687E1DEB3EE7001DB239 /* Release */,
			);
			defaultConfigurationIsVisible = 0;
			defaultConfigurationName = Release;
		};
		572E687F1DEB3EE7001DB239 /* Build configuration list for PBXNativeTarget "Bomane" */ = {
			isa = XCConfigurationList;
			buildConfigurations = (
				572E68801DEB3EE7001DB239 /* Debug */,
				572E68811DEB3EE7001DB239 /* Release */,
			);
			defaultConfigurationIsVisible = 0;
			defaultConfigurationName = Release;
		};
/* End XCConfigurationList section */
	};
	rootObject = 572E68651DEB3EE7001DB239 /* Project object */;
}
