PODS:
  - Alamofire (4.3.0)
  - CVCalendar (1.4.1)
  - Kingfisher (3.4.0)
  - PopupDialog (0.5.3)
  - ReachabilitySwift (3)
  - Stripe (9.4.0)
  - SwifterSwift (1.6.2)
  - SwiftMessages (3.1.5)
  - SwiftyJSON (3.1.4)

DEPENDENCIES:
  - Alamofire (~> 4.0)
  - CVCalendar (~> 1.4)
  - Kingfisher (~> 3.1)
  - PopupDialog (~> 0.5)
  - ReachabilitySwift (~> 3)
  - Stripe (~> 9.3)
  - SwifterSwift
  - SwiftMessages
  - SwiftyJSON (~> 3.1)

SPEC CHECKSUMS:
  Alamofire: 856a113053a7bc9cbe5d6367a555d773fc5cfef7
  CVCalendar: 61912eb5dc39c3bcfe22a731147a559a696fbc15
  Kingfisher: 5690cfb3d1bddf3a98d679a3a34d0b7294974ed2
  PopupDialog: 533dd564f8781633375505b9fbd406f8f146ccc9
  ReachabilitySwift: f5b9bb30a0777fac8f09ce8b067e32faeb29bb64
  Stripe: 0957cc85df5c3df153e6fb44d307ea4b778b6bd1
  SwifterSwift: 48a48a193b47e0d577359c75570e5291dd2f460a
  SwiftMessages: bb85d7c30e85256f9367214b0907e1f409e1870a
  SwiftyJSON: c2842d878f95482ffceec5709abc3d05680c0220

PODFILE CHECKSUM: b13b1bcfb5c8233ddc7319733ec8f10b89e25acc

COCOAPODS: 1.1.1
